
Microsoft Visual Studio Solution File, Format Version 12.00
# Visual Studio Version 17
VisualStudioVersion = 17.5.33516.290
MinimumVisualStudioVersion = 10.0.40219.1
Project("{FAE04EC0-301F-11D3-BF4B-00C04F79EFBC}") = "Target_Hunting_API", "Target_Hunting_API\Target_Hunting_API.csproj", "{120923E3-8CD7-486D-B4A6-7B0BADBA8AEC}"
EndProject
Global
	GlobalSection(SolutionConfigurationPlatforms) = preSolution
		Debug|Any CPU = Debug|Any CPU
		Release|Any CPU = Release|Any CPU
	EndGlobalSection
	GlobalSection(ProjectConfigurationPlatforms) = postSolution
		{120923E3-8CD7-486D-B4A6-7B0BADBA8AEC}.Debug|Any CPU.ActiveCfg = Debug|Any CPU
		{120923E3-8CD7-486D-B4A6-7B0BADBA8AEC}.Debug|Any CPU.Build.0 = Debug|Any CPU
		{120923E3-8CD7-486D-B4A6-7B0BADBA8AEC}.Release|Any CPU.ActiveCfg = Release|Any CPU
		{120923E3-8CD7-486D-B4A6-7B0BADBA8AEC}.Release|Any CPU.Build.0 = Release|Any CPU
	EndGlobalSection
	GlobalSection(SolutionProperties) = preSolution
		HideSolutionNode = FALSE
	EndGlobalSection
	GlobalSection(ExtensibilityGlobals) = postSolution
		SolutionGuid = {C6A9DFF9-8686-4765-BDB2-C53FEED5434C}
	EndGlobalSection
EndGlobal
